
Microsoft Visual Studio Solution File, Format Version 12.00
# Visual Studio Version 17
VisualStudioVersion = 17.5.001.0
MinimumVisualStudioVersion = 10.0.40219.1
Project("{9A19103F-16F7-4668-BE54-9A1E7A4F7556}") = "work1", "work1\work1.csproj", "{D307D17A-7740-4CE8-9FA4-1F980CB3D961}"
EndProject
Project("{9A19103F-16F7-4668-BE54-9A1E7A4F7556}") = "work2", "work2\work2.csproj", "{0155C7A3-94F2-41FB-B512-CEE3242F3312}"
EndProject
Global
	GlobalSection(SolutionConfigurationPlatforms) = preSolution
		Debug|Any CPU = Debug|Any CPU
		Release|Any CPU = Release|Any CPU
	EndGlobalSection
	GlobalSection(ProjectConfigurationPlatforms) = postSolution
		{D307D17A-7740-4CE8-9FA4-1F980CB3D961}.Debug|Any CPU.ActiveCfg = Debug|Any CPU
		{D307D17A-7740-4CE8-9FA4-1F980CB3D961}.Debug|Any CPU.Build.0 = Debug|Any CPU
		{D307D17A-7740-4CE8-9FA4-1F980CB3D961}.Release|Any CPU.ActiveCfg = Release|Any CPU
		{D307D17A-7740-4CE8-9FA4-1F980CB3D961}.Release|Any CPU.Build.0 = Release|Any CPU
		{0155C7A3-94F2-41FB-B512-CEE3242F3312}.Debug|Any CPU.ActiveCfg = Debug|Any CPU
		{0155C7A3-94F2-41FB-B512-CEE3242F3312}.Debug|Any CPU.Build.0 = Debug|Any CPU
		{0155C7A3-94F2-41FB-B512-CEE3242F3312}.Release|Any CPU.ActiveCfg = Release|Any CPU
		{0155C7A3-94F2-41FB-B512-CEE3242F3312}.Release|Any CPU.Build.0 = Release|Any CPU
	EndGlobalSection
	GlobalSection(SolutionProperties) = preSolution
		HideSolutionNode = FALSE
	EndGlobalSection
	GlobalSection(ExtensibilityGlobals) = postSolution
		SolutionGuid = {0BA2AFCF-7993-4FB7-9F3F-0DCFA315627E}
	EndGlobalSection
EndGlobal
